
Microsoft Visual Studio Solution File, Format Version 12.00
# Visual Studio 15
Project("{FAE04EC0-301F-11D3-BF4B-00C04F79EFBC}") = "Assembly-CSharp", "Assembly-CSharp.csproj", "{D69A4890-9DCA-2DDC-DD7E-950045C9716C}"
EndProject
Project("{FAE04EC0-301F-11D3-BF4B-00C04F79EFBC}") = "SteamVR", "SteamVR.csproj", "{DD4A4353-66C9-EB06-5D47-A6F95981A427}"
EndProject
Project("{FAE04EC0-301F-11D3-BF4B-00C04F79EFBC}") = "SteamVR_Actions", "SteamVR_Actions.csproj", "{110712E2-C29B-BC79-ABBD-33CAA0A15E72}"
EndProject
Project("{FAE04EC0-301F-11D3-BF4B-00C04F79EFBC}") = "SteamVR_Editor", "SteamVR_Editor.csproj", "{45C7BFAF-2E0C-B88F-FA70-AEFCAA60DF5F}"
EndProject
Project("{FAE04EC0-301F-11D3-BF4B-00C04F79EFBC}") = "Assembly-CSharp-Editor", "Assembly-CSharp-Editor.csproj", "{51DE66CA-6D42-9DC7-F19C-BD860DB647E6}"
EndProject
Project("{FAE04EC0-301F-11D3-BF4B-00C04F79EFBC}") = "SteamVR_Input_Editor", "SteamVR_Input_Editor.csproj", "{0239DAA5-D06F-31AF-D64E-0366CEEB6E2D}"
EndProject
Project("{FAE04EC0-301F-11D3-BF4B-00C04F79EFBC}") = "SteamVR_Windows_EditorHelper", "SteamVR_Windows_EditorHelper.csproj", "{D27C20CD-4114-0162-F30A-4A292678EBA0}"
EndProject
Global
	GlobalSection(SolutionConfigurationPlatforms) = preSolution
		Debug|Any CPU = Debug|Any CPU
		Release|Any CPU = Release|Any CPU
	EndGlobalSection
	GlobalSection(ProjectConfigurationPlatforms) = postSolution
		{D69A4890-9DCA-2DDC-DD7E-950045C9716C}.Debug|Any CPU.ActiveCfg = Debug|Any CPU
		{D69A4890-9DCA-2DDC-DD7E-950045C9716C}.Debug|Any CPU.Build.0 = Debug|Any CPU
		{D69A4890-9DCA-2DDC-DD7E-950045C9716C}.Release|Any CPU.ActiveCfg = Release|Any CPU
		{D69A4890-9DCA-2DDC-DD7E-950045C9716C}.Release|Any CPU.Build.0 = Release|Any CPU
		{DD4A4353-66C9-EB06-5D47-A6F95981A427}.Debug|Any CPU.ActiveCfg = Debug|Any CPU
		{DD4A4353-66C9-EB06-5D47-A6F95981A427}.Debug|Any CPU.Build.0 = Debug|Any CPU
		{DD4A4353-66C9-EB06-5D47-A6F95981A427}.Release|Any CPU.ActiveCfg = Release|Any CPU
		{DD4A4353-66C9-EB06-5D47-A6F95981A427}.Release|Any CPU.Build.0 = Release|Any CPU
		{110712E2-C29B-BC79-ABBD-33CAA0A15E72}.Debug|Any CPU.ActiveCfg = Debug|Any CPU
		{110712E2-C29B-BC79-ABBD-33CAA0A15E72}.Debug|Any CPU.Build.0 = Debug|Any CPU
		{110712E2-C29B-BC79-ABBD-33CAA0A15E72}.Release|Any CPU.ActiveCfg = Release|Any CPU
		{110712E2-C29B-BC79-ABBD-33CAA0A15E72}.Release|Any CPU.Build.0 = Release|Any CPU
		{45C7BFAF-2E0C-B88F-FA70-AEFCAA60DF5F}.Debug|Any CPU.ActiveCfg = Debug|Any CPU
		{45C7BFAF-2E0C-B88F-FA70-AEFCAA60DF5F}.Debug|Any CPU.Build.0 = Debug|Any CPU
		{45C7BFAF-2E0C-B88F-FA70-AEFCAA60DF5F}.Release|Any CPU.ActiveCfg = Release|Any CPU
		{45C7BFAF-2E0C-B88F-FA70-AEFCAA60DF5F}.Release|Any CPU.Build.0 = Release|Any CPU
		{51DE66CA-6D42-9DC7-F19C-BD860DB647E6}.Debug|Any CPU.ActiveCfg = Debug|Any CPU
		{51DE66CA-6D42-9DC7-F19C-BD860DB647E6}.Debug|Any CPU.Build.0 = Debug|Any CPU
		{51DE66CA-6D42-9DC7-F19C-BD860DB647E6}.Release|Any CPU.ActiveCfg = Release|Any CPU
		{51DE66CA-6D42-9DC7-F19C-BD860DB647E6}.Release|Any CPU.Build.0 = Release|Any CPU
		{0239DAA5-D06F-31AF-D64E-0366CEEB6E2D}.Debug|Any CPU.ActiveCfg = Debug|Any CPU
		{0239DAA5-D06F-31AF-D64E-0366CEEB6E2D}.Debug|Any CPU.Build.0 = Debug|Any CPU
		{0239DAA5-D06F-31AF-D64E-0366CEEB6E2D}.Release|Any CPU.ActiveCfg = Release|Any CPU
		{0239DAA5-D06F-31AF-D64E-0366CEEB6E2D}.Release|Any CPU.Build.0 = Release|Any CPU
		{D27C20CD-4114-0162-F30A-4A292678EBA0}.Debug|Any CPU.ActiveCfg = Debug|Any CPU
		{D27C20CD-4114-0162-F30A-4A292678EBA0}.Debug|Any CPU.Build.0 = Debug|Any CPU
		{D27C20CD-4114-0162-F30A-4A292678EBA0}.Release|Any CPU.ActiveCfg = Release|Any CPU
		{D27C20CD-4114-0162-F30A-4A292678EBA0}.Release|Any CPU.Build.0 = Release|Any CPU
	EndGlobalSection
	GlobalSection(SolutionProperties) = preSolution
		HideSolutionNode = FALSE
	EndGlobalSection
EndGlobal
